
Microsoft Visual Studio Solution File, Format Version 12.00
# Visual Studio Version 16
VisualStudioVersion = 16.0.31424.327
MinimumVisualStudioVersion = 10.0.40219.1
Project("{2150E333-8FDC-42A3-9474-1A3956D46DE8}") = "Services", "Services", "{6290DF16-5E83-45B3-B382-6AA463D29977}"
EndProject
Project("{2150E333-8FDC-42A3-9474-1A3956D46DE8}") = "Catalog", "Catalog", "{98D1F837-AE8F-4B94-89F5-6BCC4BEBE0D7}"
EndProject
Project("{FAE04EC0-301F-11D3-BF4B-00C04F79EFBC}") = "Catalog.API", "Services\Catalog\Catalog.API\Catalog.API.csproj", "{94A1C176-1879-4F88-8980-11850BDEDFC5}"
EndProject
Global
	GlobalSection(SolutionConfigurationPlatforms) = preSolution
		Debug|Any CPU = Debug|Any CPU
		Release|Any CPU = Release|Any CPU
	EndGlobalSection
	GlobalSection(ProjectConfigurationPlatforms) = postSolution
		{94A1C176-1879-4F88-8980-11850BDEDFC5}.Debug|Any CPU.ActiveCfg = Debug|Any CPU
		{94A1C176-1879-4F88-8980-11850BDEDFC5}.Debug|Any CPU.Build.0 = Debug|Any CPU
		{94A1C176-1879-4F88-8980-11850BDEDFC5}.Release|Any CPU.ActiveCfg = Release|Any CPU
		{94A1C176-1879-4F88-8980-11850BDEDFC5}.Release|Any CPU.Build.0 = Release|Any CPU
	EndGlobalSection
	GlobalSection(SolutionProperties) = preSolution
		HideSolutionNode = FALSE
	EndGlobalSection
	GlobalSection(NestedProjects) = preSolution
		{98D1F837-AE8F-4B94-89F5-6BCC4BEBE0D7} = {6290DF16-5E83-45B3-B382-6AA463D29977}
		{94A1C176-1879-4F88-8980-11850BDEDFC5} = {98D1F837-AE8F-4B94-89F5-6BCC4BEBE0D7}
	EndGlobalSection
	GlobalSection(ExtensibilityGlobals) = postSolution
		SolutionGuid = {BC4AF1A0-D985-4BC7-9975-BED81DEAC408}
	EndGlobalSection
EndGlobal
